// !$*UTF8*$!
{
	archiveVersion = 1;
	classes = {
	};
	objectVersion = 56;
	objects = {

/* Begin PBXBuildFile section */
		4825569F2BDCD1AE00E79028 /* iOSAudioApp.swift in Sources */ = {isa = PBXBuildFile; fileRef = 4825569E2BDCD1AE00E79028 /* iOSAudioApp.swift */; };
		482556A12BDCD1AE00E79028 /* ContentView.swift in Sources */ = {isa = PBXBuildFile; fileRef = 482556A02BDCD1AE00E79028 /* ContentView.swift */; };
		482556A32BDCD1AF00E79028 /* Assets.xcassets in Resources */ = {isa = PBXBuildFile; fileRef = 482556A22BDCD1AF00E79028 /* Assets.xcassets */; };
		482556A62BDCD1AF00E79028 /* Preview Assets.xcassets in Resources */ = {isa = PBXBuildFile; fileRef = 482556A52BDCD1AF00E79028 /* Preview Assets.xcassets */; };
		48B8636E2BDCF6D400C22D4D /* RxBlocking in Frameworks */ = {isa = PBXBuildFile; productRef = 48B8636D2BDCF6D400C22D4D /* RxBlocking */; };
		48B863702BDCF6D400C22D4D /* RxCocoa in Frameworks */ = {isa = PBXBuildFile; productRef = 48B8636F2BDCF6D400C22D4D /* RxCocoa */; };
		48B863722BDCF6D400C22D4D /* RxRelay in Frameworks */ = {isa = PBXBuildFile; productRef = 48B863712BDCF6D400C22D4D /* RxRelay */; };
		48B863742BDCF6D400C22D4D /* RxSwift in Frameworks */ = {isa = PBXBuildFile; productRef = 48B863732BDCF6D400C22D4D /* RxSwift */; };
/* End PBXBuildFile section */

/* Begin PBXFileReference section */
		4825569B2BDCD1AE00E79028 /* iOSAudio.app */ = {isa = PBXFileReference; explicitFileType = wrapper.application; includeInIndex = 0; path = iOSAudio.app; sourceTree = BUILT_PRODUCTS_DIR; };
		4825569E2BDCD1AE00E79028 /* iOSAudioApp.swift */ = {isa = PBXFileReference; lastKnownFileType = sourcecode.swift; path = iOSAudioApp.swift; sourceTree = "<group>"; };
		482556A02BDCD1AE00E79028 /* ContentView.swift */ = {isa = PBXFileReference; lastKnownFileType = sourcecode.swift; path = ContentView.swift; sourceTree = "<group>"; };
		482556A22BDCD1AF00E79028 /* Assets.xcassets */ = {isa = PBXFileReference; lastKnownFileType = folder.assetcatalog; path = Assets.xcassets; sourceTree = "<group>"; };
		482556A52BDCD1AF00E79028 /* Preview Assets.xcassets */ = {isa = PBXFileReference; lastKnownFileType = folder.assetcatalog; path = "Preview Assets.xcassets"; sourceTree = "<group>"; };
/* End PBXFileReference section */

/* Begin PBXFrameworksBuildPhase section */
		482556982BDCD1AE00E79028 /* Frameworks */ = {
			isa = PBXFrameworksBuildPhase;
			buildActionMask = 2147483647;
			files = (
				48B863722BDCF6D400C22D4D /* RxRelay in Frameworks */,
				48B863702BDCF6D400C22D4D /* RxCocoa in Frameworks */,
				48B863742BDCF6D400C22D4D /* RxSwift in Frameworks */,
				48B8636E2BDCF6D400C22D4D /* RxBlocking in Frameworks */,
			);
			runOnlyForDeploymentPostprocessing = 0;
		};
/* End PBXFrameworksBuildPhase section */

/* Begin PBXGroup section */
		482556922BDCD1AE00E79028 = {
			isa = PBXGroup;
			children = (
				4825569D2BDCD1AE00E79028 /* iOSAudio */,
				4825569C2BDCD1AE00E79028 /* Products */,
			);
			sourceTree = "<group>";
		};
		4825569C2BDCD1AE00E79028 /* Products */ = {
			isa = PBXGroup;
			children = (
				4825569B2BDCD1AE00E79028 /* iOSAudio.app */,
			);
			name = Products;
			sourceTree = "<group>";
		};
		4825569D2BDCD1AE00E79028 /* iOSAudio */ = {
			isa = PBXGroup;
			children = (
				4825569E2BDCD1AE00E79028 /* iOSAudioApp.swift */,
				482556A02BDCD1AE00E79028 /* ContentView.swift */,
				482556A22BDCD1AF00E79028 /* Assets.xcassets */,
				482556A42BDCD1AF00E79028 /* Preview Content */,
			);
			path = iOSAudio;
			sourceTree = "<group>";
		};
		482556A42BDCD1AF00E79028 /* Preview Content */ = {
			isa = PBXGroup;
			children = (
				482556A52BDCD1AF00E79028 /* Preview Assets.xcassets */,
			);
			path = "Preview Content";
			sourceTree = "<group>";
		};
/* End PBXGroup section */

/* Begin PBXNativeTarget section */
		4825569A2BDCD1AE00E79028 /* iOSAudio */ = {
			isa = PBXNativeTarget;
			buildConfigurationList = 482556A92BDCD1AF00E79028 /* Build configuration list for PBXNativeTarget "iOSAudio" */;
			buildPhases = (
				482556972BDCD1AE00E79028 /* Sources */,
				482556982BDCD1AE00E79028 /* Frameworks */,
				482556992BDCD1AE00E79028 /* Resources */,
			);
			buildRules = (
			);
			dependencies = (
			);
			name = iOSAudio;
			packageProductDependencies = (
				48B8636D2BDCF6D400C22D4D /* RxBlocking */,
				48B8636F2BDCF6D400C22D4D /* RxCocoa */,
				48B863712BDCF6D400C22D4D /* RxRelay */,
				48B863732BDCF6D400C22D4D /* RxSwift */,
			);
			productName = iOSAudio;
			productReference = 4825569B2BDCD1AE00E79028 /* iOSAudio.app */;
			productType = "com.apple.product-type.application";
		};
/* End PBXNativeTarget section */

/* Begin PBXProject section */
		482556932BDCD1AE00E79028 /* Project object */ = {
			isa = PBXProject;
			attributes = {
				BuildIndependentTargetsInParallel = 1;
				LastSwiftUpdateCheck = 1530;
				LastUpgradeCheck = 1530;
				TargetAttributes = {
					4825569A2BDCD1AE00E79028 = {
						CreatedOnToolsVersion = 15.3;
					};
				};
			};
			buildConfigurationList = 482556962BDCD1AE00E79028 /* Build configuration list for PBXProject "iOSAudio" */;
			compatibilityVersion = "Xcode 14.0";
			developmentRegion = en;
			hasScannedForEncodings = 0;
			knownRegions = (
				en,
				Base,
			);
			mainGroup = 482556922BDCD1AE00E79028;
			packageReferences = (
				48B8636C2BDCF6D400C22D4D /* XCRemoteSwiftPackageReference "RxSwift" */,
			);
			productRefGroup = 4825569C2BDCD1AE00E79028 /* Products */;
			projectDirPath = "";
			projectRoot = "";
			targets = (
				4825569A2BDCD1AE00E79028 /* iOSAudio */,
			);
		};
/* End PBXProject section */

/* Begin PBXResourcesBuildPhase section */
		482556992BDCD1AE00E79028 /* Resources */ = {
			isa = PBXResourcesBuildPhase;
			buildActionMask = 2147483647;
			files = (
				482556A62BDCD1AF00E79028 /* Preview Assets.xcassets in Resources */,
				482556A32BDCD1AF00E79028 /* Assets.xcassets in Resources */,
			);
			runOnlyForDeploymentPostprocessing = 0;
		};
/* End PBXResourcesBuildPhase section */

/* Begin PBXSourcesBuildPhase section */
		482556972BDCD1AE00E79028 /* Sources */ = {
			isa = PBXSourcesBuildPhase;
			buildActionMask = 2147483647;
			files = (
				482556A12BDCD1AE00E79028 /* ContentView.swift in Sources */,
				4825569F2BDCD1AE00E79028 /* iOSAudioApp.swift in Sources */,
			);
			runOnlyForDeploymentPostprocessing = 0;
		};
/* End PBXSourcesBuildPhase section */

/* Begin XCBuildConfiguration section */
		482556A72BDCD1AF00E79028 /* Debug */ = {
			isa = XCBuildConfiguration;
			buildSettings = {
				ALWAYS_SEARCH_USER_PATHS = NO;
				ASSETCATALOG_COMPILER_GENERATE_SWIFT_ASSET_SYMBOL_EXTENSIONS = YES;
				CLANG_ANALYZER_NONNULL = YES;
				CLANG_ANALYZER_NUMBER_OBJECT_CONVERSION = YES_AGGRESSIVE;
				CLANG_CXX_LANGUAGE_STANDARD = "gnu++20";
				CLANG_ENABLE_MODULES = YES;
				CLANG_ENABLE_OBJC_ARC = YES;
				CLANG_ENABLE_OBJC_WEAK = YES;
				CLANG_WARN_BLOCK_CAPTURE_AUTORELEASING = YES;
				CLANG_WARN_BOOL_CONVERSION = YES;
				CLANG_WARN_COMMA = YES;
				CLANG_WARN_CONSTANT_CONVERSION = YES;
				CLANG_WARN_DEPRECATED_OBJC_IMPLEMENTATIONS = YES;
				CLANG_WARN_DIRECT_OBJC_ISA_USAGE = YES_ERROR;
				CLANG_WARN_DOCUMENTATION_COMMENTS = YES;
				CLANG_WARN_EMPTY_BODY = YES;
				CLANG_WARN_ENUM_CONVERSION = YES;
				CLANG_WARN_INFINITE_RECURSION = YES;
				CLANG_WARN_INT_CONVERSION = YES;
				CLANG_WARN_NON_LITERAL_NULL_CONVERSION = YES;
				CLANG_WARN_OBJC_IMPLICIT_RETAIN_SELF = YES;
				CLANG_WARN_OBJC_LITERAL_CONVERSION = YES;
				CLANG_WARN_OBJC_ROOT_CLASS = YES_ERROR;
				CLANG_WARN_QUOTED_INCLUDE_IN_FRAMEWORK_HEADER = YES;
				CLANG_WARN_RANGE_LOOP_ANALYSIS = YES;
				CLANG_WARN_STRICT_PROTOTYPES = YES;
				CLANG_WARN_SUSPICIOUS_MOVE = YES;
				CLANG_WARN_UNGUARDED_AVAILABILITY = YES_AGGRESSIVE;
				CLANG_WARN_UNREACHABLE_CODE = YES;
				CLANG_WARN__DUPLICATE_METHOD_MATCH = YES;
				COPY_PHASE_STRIP = NO;
				DEBUG_INFORMATION_FORMAT = dwarf;
				ENABLE_STRICT_OBJC_MSGSEND = YES;
				ENABLE_TESTABILITY = YES;
				ENABLE_USER_SCRIPT_SANDBOXING = YES;
				GCC_C_LANGUAGE_STANDARD = gnu17;
				GCC_DYNAMIC_NO_PIC = NO;
				GCC_NO_COMMON_BLOCKS = YES;
				GCC_OPTIMIZATION_LEVEL = 0;
				GCC_PREPROCESSOR_DEFINITIONS = (
					"DEBUG=1",
					"$(inherited)",
				);
				GCC_WARN_64_TO_32_BIT_CONVERSION = YES;
				GCC_WARN_ABOUT_RETURN_TYPE = YES_ERROR;
				GCC_WARN_UNDECLARED_SELECTOR = YES;
				GCC_WARN_UNINITIALIZED_AUTOS = YES_AGGRESSIVE;
				GCC_WARN_UNUSED_FUNCTION = YES;
				GCC_WARN_UNUSED_VARIABLE = YES;
				IPHONEOS_DEPLOYMENT_TARGET = 14.0;
				LOCALIZATION_PREFERS_STRING_CATALOGS = YES;
				MTL_ENABLE_DEBUG_INFO = INCLUDE_SOURCE;
				MTL_FAST_MATH = YES;
				ONLY_ACTIVE_ARCH = YES;
				SDKROOT = iphoneos;
				SWIFT_ACTIVE_COMPILATION_CONDITIONS = "DEBUG $(inherited)";
				SWIFT_OPTIMIZATION_LEVEL = "-Onone";
			};
			name = Debug;
		};
		482556A82BDCD1AF00E79028 /* Release */ = {
			isa = XCBuildConfiguration;
			buildSettings = {
				ALWAYS_SEARCH_USER_PATHS = NO;
				ASSETCATALOG_COMPILER_GENERATE_SWIFT_ASSET_SYMBOL_EXTENSIONS = YES;
				CLANG_ANALYZER_NONNULL = YES;
				CLANG_ANALYZER_NUMBER_OBJECT_CONVERSION = YES_AGGRESSIVE;
				CLANG_CXX_LANGUAGE_STANDARD = "gnu++20";
				CLANG_ENABLE_MODULES = YES;
				CLANG_ENABLE_OBJC_ARC = YES;
				CLANG_ENABLE_OBJC_WEAK = YES;
				CLANG_WARN_BLOCK_CAPTURE_AUTORELEASING = YES;
				CLANG_WARN_BOOL_CONVERSION = YES;
				CLANG_WARN_COMMA = YES;
				CLANG_WARN_CONSTANT_CONVERSION = YES;
				CLANG_WARN_DEPRECATED_OBJC_IMPLEMENTATIONS = YES;
				CLANG_WARN_DIRECT_OBJC_ISA_USAGE = YES_ERROR;
				CLANG_WARN_DOCUMENTATION_COMMENTS = YES;
				CLANG_WARN_EMPTY_BODY = YES;
				CLANG_WARN_ENUM_CONVERSION = YES;
				CLANG_WARN_INFINITE_RECURSION = YES;
				CLANG_WARN_INT_CONVERSION = YES;
				CLANG_WARN_NON_LITERAL_NULL_CONVERSION = YES;
				CLANG_WARN_OBJC_IMPLICIT_RETAIN_SELF = YES;
				CLANG_WARN_OBJC_LITERAL_CONVERSION = YES;
				CLANG_WARN_OBJC_ROOT_CLASS = YES_ERROR;
				CLANG_WARN_QUOTED_INCLUDE_IN_FRAMEWORK_HEADER = YES;
				CLANG_WARN_RANGE_LOOP_ANALYSIS = YES;
				CLANG_WARN_STRICT_PROTOTYPES = YES;
				CLANG_WARN_SUSPICIOUS_MOVE = YES;
				CLANG_WARN_UNGUARDED_AVAILABILITY = YES_AGGRESSIVE;
				CLANG_WARN_UNREACHABLE_CODE = YES;
				CLANG_WARN__DUPLICATE_METHOD_MATCH = YES;
				COPY_PHASE_STRIP = NO;
				DEBUG_INFORMATION_FORMAT = "dwarf-with-dsym";
				ENABLE_NS_ASSERTIONS = NO;
				ENABLE_STRICT_OBJC_MSGSEND = YES;
				ENABLE_USER_SCRIPT_SANDBOXING = YES;
				GCC_C_LANGUAGE_STANDARD = gnu17;
				GCC_NO_COMMON_BLOCKS = YES;
				GCC_WARN_64_TO_32_BIT_CONVERSION = YES;
				GCC_WARN_ABOUT_RETURN_TYPE = YES_ERROR;
				GCC_WARN_UNDECLARED_SELECTOR = YES;
				GCC_WARN_UNINITIALIZED_AUTOS = YES_AGGRESSIVE;
				GCC_WARN_UNUSED_FUNCTION = YES;
				GCC_WARN_UNUSED_VARIABLE = YES;
				IPHONEOS_DEPLOYMENT_TARGET = 14.0;
				LOCALIZATION_PREFERS_STRING_CATALOGS = YES;
				MTL_ENABLE_DEBUG_INFO = NO;
				MTL_FAST_MATH = YES;
				SDKROOT = iphoneos;
				SWIFT_COMPILATION_MODE = wholemodule;
				VALIDATE_PRODUCT = YES;
			};
			name = Release;
		};
		482556AA2BDCD1AF00E79028 /* Debug */ = {
			isa = XCBuildConfiguration;
			buildSettings = {
				ASSETCATALOG_COMPILER_APPICON_NAME = AppIcon;
				ASSETCATALOG_COMPILER_GLOBAL_ACCENT_COLOR_NAME = AccentColor;
				CODE_SIGN_STYLE = Automatic;
				CURRENT_PROJECT_VERSION = 1;
				DEVELOPMENT_ASSET_PATHS = "\"iOSAudio/Preview Content\"";
				DEVELOPMENT_TEAM = BL5X4YY2A6;
				ENABLE_PREVIEWS = YES;
				GENERATE_INFOPLIST_FILE = YES;
				INFOPLIST_KEY_UIApplicationSceneManifest_Generation = YES;
				INFOPLIST_KEY_UIApplicationSupportsIndirectInputEvents = YES;
				INFOPLIST_KEY_UILaunchScreen_Generation = YES;
				INFOPLIST_KEY_UISupportedInterfaceOrientations_iPad = "UIInterfaceOrientationPortrait UIInterfaceOrientationPortraitUpsideDown UIInterfaceOrientationLandscapeLeft UIInterfaceOrientationLandscapeRight";
				INFOPLIST_KEY_UISupportedInterfaceOrientations_iPhone = "UIInterfaceOrientationPortrait UIInterfaceOrientationLandscapeLeft UIInterfaceOrientationLandscapeRight";
				IPHONEOS_DEPLOYMENT_TARGET = 14.0;
				LD_RUNPATH_SEARCH_PATHS = (
					"$(inherited)",
					"@executable_path/Frameworks",
				);
				MARKETING_VERSION = 1.0;
				PRODUCT_BUNDLE_IDENTIFIER = sirpointer.iOSAudio;
				PRODUCT_NAME = "$(TARGET_NAME)";
				SWIFT_EMIT_LOC_STRINGS = YES;
				SWIFT_VERSION = 5.0;
				TARGETED_DEVICE_FAMILY = "1,2";
			};
			name = Debug;
		};
		482556AB2BDCD1AF00E79028 /* Release */ = {
			isa = XCBuildConfiguration;
			buildSettings = {
				ASSETCATALOG_COMPILER_APPICON_NAME = AppIcon;
				ASSETCATALOG_COMPILER_GLOBAL_ACCENT_COLOR_NAME = AccentColor;
				CODE_SIGN_STYLE = Automatic;
				CURRENT_PROJECT_VERSION = 1;
				DEVELOPMENT_ASSET_PATHS = "\"iOSAudio/Preview Content\"";
				DEVELOPMENT_TEAM = BL5X4YY2A6;
				ENABLE_PREVIEWS = YES;
				GENERATE_INFOPLIST_FILE = YES;
				INFOPLIST_KEY_UIApplicationSceneManifest_Generation = YES;
				INFOPLIST_KEY_UIApplicationSupportsIndirectInputEvents = YES;
				INFOPLIST_KEY_UILaunchScreen_Generation = YES;
				INFOPLIST_KEY_UISupportedInterfaceOrientations_iPad = "UIInterfaceOrientationPortrait UIInterfaceOrientationPortraitUpsideDown UIInterfaceOrientationLandscapeLeft UIInterfaceOrientationLandscapeRight";
				INFOPLIST_KEY_UISupportedInterfaceOrientations_iPhone = "UIInterfaceOrientationPortrait UIInterfaceOrientationLandscapeLeft UIInterfaceOrientationLandscapeRight";
				IPHONEOS_DEPLOYMENT_TARGET = 14.0;
				LD_RUNPATH_SEARCH_PATHS = (
					"$(inherited)",
					"@executable_path/Frameworks",
				);
				MARKETING_VERSION = 1.0;
				PRODUCT_BUNDLE_IDENTIFIER = sirpointer.iOSAudio;
				PRODUCT_NAME = "$(TARGET_NAME)";
				SWIFT_EMIT_LOC_STRINGS = YES;
				SWIFT_VERSION = 5.0;
				TARGETED_DEVICE_FAMILY = "1,2";
			};
			name = Release;
		};
/* End XCBuildConfiguration section */

/* Begin XCConfigurationList section */
		482556962BDCD1AE00E79028 /* Build configuration list for PBXProject "iOSAudio" */ = {
			isa = XCConfigurationList;
			buildConfigurations = (
				482556A72BDCD1AF00E79028 /* Debug */,
				482556A82BDCD1AF00E79028 /* Release */,
			);
			defaultConfigurationIsVisible = 0;
			defaultConfigurationName = Release;
		};
		482556A92BDCD1AF00E79028 /* Build configuration list for PBXNativeTarget "iOSAudio" */ = {
			isa = XCConfigurationList;
			buildConfigurations = (
				482556AA2BDCD1AF00E79028 /* Debug */,
				482556AB2BDCD1AF00E79028 /* Release */,
			);
			defaultConfigurationIsVisible = 0;
			defaultConfigurationName = Release;
		};
/* End XCConfigurationList section */

/* Begin XCRemoteSwiftPackageReference section */
		48B8636C2BDCF6D400C22D4D /* XCRemoteSwiftPackageReference "RxSwift" */ = {
			isa = XCRemoteSwiftPackageReference;
			repositoryURL = "https://github.com/ReactiveX/RxSwift";
			requirement = {
				kind = upToNextMajorVersion;
				minimumVersion = 6.7.0;
			};
		};
/* End XCRemoteSwiftPackageReference section */

/* Begin XCSwiftPackageProductDependency section */
		48B8636D2BDCF6D400C22D4D /* RxBlocking */ = {
			isa = XCSwiftPackageProductDependency;
			package = 48B8636C2BDCF6D400C22D4D /* XCRemoteSwiftPackageReference "RxSwift" */;
			productName = RxBlocking;
		};
		48B8636F2BDCF6D400C22D4D /* RxCocoa */ = {
			isa = XCSwiftPackageProductDependency;
			package = 48B8636C2BDCF6D400C22D4D /* XCRemoteSwiftPackageReference "RxSwift" */;
			productName = RxCocoa;
		};
		48B863712BDCF6D400C22D4D /* RxRelay */ = {
			isa = XCSwiftPackageProductDependency;
			package = 48B8636C2BDCF6D400C22D4D /* XCRemoteSwiftPackageReference "RxSwift" */;
			productName = RxRelay;
		};
		48B863732BDCF6D400C22D4D /* RxSwift */ = {
			isa = XCSwiftPackageProductDependency;
			package = 48B8636C2BDCF6D400C22D4D /* XCRemoteSwiftPackageReference "RxSwift" */;
			productName = RxSwift;
		};
/* End XCSwiftPackageProductDependency section */
	};
	rootObject = 482556932BDCD1AE00E79028 /* Project object */;
}
